
Microsoft Visual Studio Solution File, Format Version 12.00
# Visual Studio 2012
Project("{2150E333-8FDC-42A3-9474-1A3956D46DE8}") = "Platforms", "Platforms", "{8F4F3D89-4A94-4F06-ACB1-28F88D0E826C}"
EndProject
Project("{FAE04EC0-301F-11D3-BF4B-00C04F79EFBC}") = "FlappyMonkey.Droid", "FlappyMonkey.Droid\FlappyMonkey.Droid.csproj", "{8E1C5FA7-712F-464A-BFA0-0F9897F8E8C6}"
EndProject
Project("{FAE04EC0-301F-11D3-BF4B-00C04F79EFBC}") = "FlappyMonkey.iOS", "FlappyMonkey.iOS\FlappyMonkey.iOS.csproj", "{9815036A-CCAD-4297-A747-E2ECC5659BB8}"
EndProject
Project("{FAE04EC0-301F-11D3-BF4B-00C04F79EFBC}") = "FlappyMonkey.Ouya", "FlappyMonkey.Droid\FlappyMonkey.Ouya.csproj", "{BC661CE3-71B2-4F37-8720-9C64936E5ED1}"
EndProject
Project("{D954291E-2A0B-460D-934E-DC6B0785DB48}") = "FlappyMonkey.Shared", "Shared\FlappyMonkey.Shared.shproj", "{42FE0C01-5BE7-4818-93E1-A36BDCD962C8}"
EndProject
Global
	GlobalSection(SolutionConfigurationPlatforms) = preSolution
		Debug|Any CPU = Debug|Any CPU
		Release|Any CPU = Release|Any CPU
		Debug|iPhoneSimulator = Debug|iPhoneSimulator
		Release|iPhoneSimulator = Release|iPhoneSimulator
		Debug|iPhone = Debug|iPhone
		Release|iPhone = Release|iPhone
		Ad-Hoc|iPhone = Ad-Hoc|iPhone
		AppStore|iPhone = AppStore|iPhone
	EndGlobalSection
	GlobalSection(ProjectConfigurationPlatforms) = postSolution
		{8E1C5FA7-712F-464A-BFA0-0F9897F8E8C6}.Ad-Hoc|iPhone.ActiveCfg = Debug|Any CPU
		{8E1C5FA7-712F-464A-BFA0-0F9897F8E8C6}.Ad-Hoc|iPhone.Build.0 = Debug|Any CPU
		{8E1C5FA7-712F-464A-BFA0-0F9897F8E8C6}.AppStore|iPhone.ActiveCfg = Debug|Any CPU
		{8E1C5FA7-712F-464A-BFA0-0F9897F8E8C6}.AppStore|iPhone.Build.0 = Debug|Any CPU
		{8E1C5FA7-712F-464A-BFA0-0F9897F8E8C6}.Debug|Any CPU.ActiveCfg = Debug|Any CPU
		{8E1C5FA7-712F-464A-BFA0-0F9897F8E8C6}.Debug|Any CPU.Build.0 = Debug|Any CPU
		{8E1C5FA7-712F-464A-BFA0-0F9897F8E8C6}.Debug|iPhone.ActiveCfg = Debug|Any CPU
		{8E1C5FA7-712F-464A-BFA0-0F9897F8E8C6}.Debug|iPhone.Build.0 = Debug|Any CPU
		{8E1C5FA7-712F-464A-BFA0-0F9897F8E8C6}.Debug|iPhoneSimulator.ActiveCfg = Debug|Any CPU
		{8E1C5FA7-712F-464A-BFA0-0F9897F8E8C6}.Debug|iPhoneSimulator.Build.0 = Debug|Any CPU
		{8E1C5FA7-712F-464A-BFA0-0F9897F8E8C6}.Release|Any CPU.ActiveCfg = Release|Any CPU
		{8E1C5FA7-712F-464A-BFA0-0F9897F8E8C6}.Release|Any CPU.Build.0 = Release|Any CPU
		{8E1C5FA7-712F-464A-BFA0-0F9897F8E8C6}.Release|iPhone.ActiveCfg = Release|Any CPU
		{8E1C5FA7-712F-464A-BFA0-0F9897F8E8C6}.Release|iPhone.Build.0 = Release|Any CPU
		{8E1C5FA7-712F-464A-BFA0-0F9897F8E8C6}.Release|iPhoneSimulator.ActiveCfg = Release|Any CPU
		{8E1C5FA7-712F-464A-BFA0-0F9897F8E8C6}.Release|iPhoneSimulator.Build.0 = Release|Any CPU
		{9815036A-CCAD-4297-A747-E2ECC5659BB8}.Ad-Hoc|iPhone.ActiveCfg = Ad-Hoc|iPhone
		{9815036A-CCAD-4297-A747-E2ECC5659BB8}.Ad-Hoc|iPhone.Build.0 = Ad-Hoc|iPhone
		{9815036A-CCAD-4297-A747-E2ECC5659BB8}.AppStore|iPhone.ActiveCfg = AppStore|iPhone
		{9815036A-CCAD-4297-A747-E2ECC5659BB8}.AppStore|iPhone.Build.0 = AppStore|iPhone
		{9815036A-CCAD-4297-A747-E2ECC5659BB8}.Debug|Any CPU.ActiveCfg = Debug|iPhoneSimulator
		{9815036A-CCAD-4297-A747-E2ECC5659BB8}.Debug|Any CPU.Build.0 = Debug|iPhoneSimulator
		{9815036A-CCAD-4297-A747-E2ECC5659BB8}.Debug|iPhone.ActiveCfg = Debug|iPhone
		{9815036A-CCAD-4297-A747-E2ECC5659BB8}.Debug|iPhone.Build.0 = Debug|iPhone
		{9815036A-CCAD-4297-A747-E2ECC5659BB8}.Debug|iPhoneSimulator.ActiveCfg = Debug|iPhoneSimulator
		{9815036A-CCAD-4297-A747-E2ECC5659BB8}.Debug|iPhoneSimulator.Build.0 = Debug|iPhoneSimulator
		{9815036A-CCAD-4297-A747-E2ECC5659BB8}.Release|Any CPU.ActiveCfg = Release|iPhoneSimulator
		{9815036A-CCAD-4297-A747-E2ECC5659BB8}.Release|Any CPU.Build.0 = Release|iPhoneSimulator
		{9815036A-CCAD-4297-A747-E2ECC5659BB8}.Release|iPhone.ActiveCfg = Release|iPhone
		{9815036A-CCAD-4297-A747-E2ECC5659BB8}.Release|iPhone.Build.0 = Release|iPhone
		{9815036A-CCAD-4297-A747-E2ECC5659BB8}.Release|iPhoneSimulator.ActiveCfg = Release|iPhoneSimulator
		{9815036A-CCAD-4297-A747-E2ECC5659BB8}.Release|iPhoneSimulator.Build.0 = Release|iPhoneSimulator
		{BC661CE3-71B2-4F37-8720-9C64936E5ED1}.Ad-Hoc|iPhone.ActiveCfg = Release|Any CPU
		{BC661CE3-71B2-4F37-8720-9C64936E5ED1}.Ad-Hoc|iPhone.Build.0 = Release|Any CPU
		{BC661CE3-71B2-4F37-8720-9C64936E5ED1}.AppStore|iPhone.ActiveCfg = Release|Any CPU
		{BC661CE3-71B2-4F37-8720-9C64936E5ED1}.AppStore|iPhone.Build.0 = Release|Any CPU
		{BC661CE3-71B2-4F37-8720-9C64936E5ED1}.Debug|Any CPU.ActiveCfg = Debug|Any CPU
		{BC661CE3-71B2-4F37-8720-9C64936E5ED1}.Debug|Any CPU.Build.0 = Debug|Any CPU
		{BC661CE3-71B2-4F37-8720-9C64936E5ED1}.Debug|iPhone.ActiveCfg = Debug|Any CPU
		{BC661CE3-71B2-4F37-8720-9C64936E5ED1}.Debug|iPhone.Build.0 = Debug|Any CPU
		{BC661CE3-71B2-4F37-8720-9C64936E5ED1}.Debug|iPhoneSimulator.ActiveCfg = Debug|Any CPU
		{BC661CE3-71B2-4F37-8720-9C64936E5ED1}.Debug|iPhoneSimulator.Build.0 = Debug|Any CPU
		{BC661CE3-71B2-4F37-8720-9C64936E5ED1}.Release|Any CPU.ActiveCfg = Release|Any CPU
		{BC661CE3-71B2-4F37-8720-9C64936E5ED1}.Release|Any CPU.Build.0 = Release|Any CPU
		{BC661CE3-71B2-4F37-8720-9C64936E5ED1}.Release|iPhone.ActiveCfg = Release|Any CPU
		{BC661CE3-71B2-4F37-8720-9C64936E5ED1}.Release|iPhone.Build.0 = Release|Any CPU
		{BC661CE3-71B2-4F37-8720-9C64936E5ED1}.Release|iPhoneSimulator.ActiveCfg = Release|Any CPU
		{BC661CE3-71B2-4F37-8720-9C64936E5ED1}.Release|iPhoneSimulator.Build.0 = Release|Any CPU
	EndGlobalSection
	GlobalSection(NestedProjects) = preSolution
		{8E1C5FA7-712F-464A-BFA0-0F9897F8E8C6} = {8F4F3D89-4A94-4F06-ACB1-28F88D0E826C}
		{9815036A-CCAD-4297-A747-E2ECC5659BB8} = {8F4F3D89-4A94-4F06-ACB1-28F88D0E826C}
		{BC661CE3-71B2-4F37-8720-9C64936E5ED1} = {8F4F3D89-4A94-4F06-ACB1-28F88D0E826C}
	EndGlobalSection
	GlobalSection(MonoDevelopProperties) = preSolution
		StartupItem = FlappyMonkey.iOS\FlappyMonkey.iOS.csproj
	EndGlobalSection
EndGlobal
